
Microsoft Visual Studio Solution File, Format Version 12.00
# Visual Studio Version 16
VisualStudioVersion = 25.0.1706.1
MinimumVisualStudioVersion = 10.0.40219.1
Project("{FAE04EC0-301F-11D3-BF4B-00C04F79EFBC}") = "Circle Objects", "Circle Objects\Circle Objects.csproj", "{313EF3E4-7A92-4740-B53C-2FEBE0B046B1}"
EndProject
Global
	GlobalSection(SolutionConfigurationPlatforms) = preSolution
		Debug|Any CPU = Debug|Any CPU
		Release|Any CPU = Release|Any CPU
	EndGlobalSection
	GlobalSection(ProjectConfigurationPlatforms) = postSolution
		{313EF3E4-7A92-4740-B53C-2FEBE0B046B1}.Debug|Any CPU.ActiveCfg = Debug|Any CPU
		{313EF3E4-7A92-4740-B53C-2FEBE0B046B1}.Debug|Any CPU.Build.0 = Debug|Any CPU
		{313EF3E4-7A92-4740-B53C-2FEBE0B046B1}.Release|Any CPU.ActiveCfg = Release|Any CPU
		{313EF3E4-7A92-4740-B53C-2FEBE0B046B1}.Release|Any CPU.Build.0 = Release|Any CPU
	EndGlobalSection
	GlobalSection(SolutionProperties) = preSolution
		HideSolutionNode = FALSE
	EndGlobalSection
	GlobalSection(ExtensibilityGlobals) = postSolution
		SolutionGuid = {0F745492-FC38-4D53-9511-88110E5A5476}
	EndGlobalSection
EndGlobal
